
Microsoft Visual Studio Solution File, Format Version 12.00
# Visual Studio Version 17
VisualStudioVersion = 17.4.33103.184
MinimumVisualStudioVersion = 10.0.40219.1
Project("{2150E333-8FDC-42A3-9474-1A3956D46DE8}") = "Misc Files", "Misc Files", "{9BE75F53-F47E-4B35-9560-AA039EBC5B1C}"
	ProjectSection(SolutionItems) = preProject
		.dockerignore = .dockerignore
		.editorconfig = .editorconfig
		.gitattributes = .gitattributes
		.gitignore = .gitignore
		.prettierignore = .prettierignore
		build-n-publish.sh = build-n-publish.sh
		Dockerfile = Dockerfile
		doppler-jenkins-ci.groovy = doppler-jenkins-ci.groovy
		package.json = package.json
		verify-w-docker.sh = verify-w-docker.sh
	EndProjectSection
EndProject
Project("{9A19103F-16F7-4668-BE54-9A1E7A4F7556}") = "doppler-integrations-msa", "doppler-integrations-msa\doppler-integrations-msa.csproj", "{6F718408-F379-4549-8D3E-44FC614F85AD}"
EndProject
Project("{9A19103F-16F7-4668-BE54-9A1E7A4F7556}") = "doppler-integrations-domain", "doppler-integrations-domain\doppler-integrations-domain.csproj", "{EF5F49CA-B607-4034-9482-D35BC9071A31}"
EndProject
Project("{9A19103F-16F7-4668-BE54-9A1E7A4F7556}") = "doppler-integrations-data", "doppler-integrations-data\doppler-integrations-data.csproj", "{E55823E7-DC3E-4BC0-9F7C-A0CFE49538D9}"
EndProject
Project("{9A19103F-16F7-4668-BE54-9A1E7A4F7556}") = "doppler-integrations-core", "doppler-integrations-core\doppler-integrations-core.csproj", "{42A5ECCE-500D-4A49-BBE2-A7D0090673EF}"
EndProject
Global
	GlobalSection(SolutionConfigurationPlatforms) = preSolution
		Debug|Any CPU = Debug|Any CPU
		Debug|x64 = Debug|x64
		Debug|x86 = Debug|x86
		Release|Any CPU = Release|Any CPU
		Release|x64 = Release|x64
		Release|x86 = Release|x86
	EndGlobalSection
	GlobalSection(ProjectConfigurationPlatforms) = postSolution
		{6F718408-F379-4549-8D3E-44FC614F85AD}.Debug|Any CPU.ActiveCfg = Debug|Any CPU
		{6F718408-F379-4549-8D3E-44FC614F85AD}.Debug|Any CPU.Build.0 = Debug|Any CPU
		{6F718408-F379-4549-8D3E-44FC614F85AD}.Debug|x64.ActiveCfg = Debug|Any CPU
		{6F718408-F379-4549-8D3E-44FC614F85AD}.Debug|x64.Build.0 = Debug|Any CPU
		{6F718408-F379-4549-8D3E-44FC614F85AD}.Debug|x86.ActiveCfg = Debug|Any CPU
		{6F718408-F379-4549-8D3E-44FC614F85AD}.Debug|x86.Build.0 = Debug|Any CPU
		{6F718408-F379-4549-8D3E-44FC614F85AD}.Release|Any CPU.ActiveCfg = Release|Any CPU
		{6F718408-F379-4549-8D3E-44FC614F85AD}.Release|Any CPU.Build.0 = Release|Any CPU
		{6F718408-F379-4549-8D3E-44FC614F85AD}.Release|x64.ActiveCfg = Release|Any CPU
		{6F718408-F379-4549-8D3E-44FC614F85AD}.Release|x64.Build.0 = Release|Any CPU
		{6F718408-F379-4549-8D3E-44FC614F85AD}.Release|x86.ActiveCfg = Release|Any CPU
		{6F718408-F379-4549-8D3E-44FC614F85AD}.Release|x86.Build.0 = Release|Any CPU
		{EF5F49CA-B607-4034-9482-D35BC9071A31}.Debug|Any CPU.ActiveCfg = Debug|Any CPU
		{EF5F49CA-B607-4034-9482-D35BC9071A31}.Debug|Any CPU.Build.0 = Debug|Any CPU
		{EF5F49CA-B607-4034-9482-D35BC9071A31}.Debug|x64.ActiveCfg = Debug|Any CPU
		{EF5F49CA-B607-4034-9482-D35BC9071A31}.Debug|x64.Build.0 = Debug|Any CPU
		{EF5F49CA-B607-4034-9482-D35BC9071A31}.Debug|x86.ActiveCfg = Debug|Any CPU
		{EF5F49CA-B607-4034-9482-D35BC9071A31}.Debug|x86.Build.0 = Debug|Any CPU
		{EF5F49CA-B607-4034-9482-D35BC9071A31}.Release|Any CPU.ActiveCfg = Release|Any CPU
		{EF5F49CA-B607-4034-9482-D35BC9071A31}.Release|Any CPU.Build.0 = Release|Any CPU
		{EF5F49CA-B607-4034-9482-D35BC9071A31}.Release|x64.ActiveCfg = Release|Any CPU
		{EF5F49CA-B607-4034-9482-D35BC9071A31}.Release|x64.Build.0 = Release|Any CPU
		{EF5F49CA-B607-4034-9482-D35BC9071A31}.Release|x86.ActiveCfg = Release|Any CPU
		{EF5F49CA-B607-4034-9482-D35BC9071A31}.Release|x86.Build.0 = Release|Any CPU
		{E55823E7-DC3E-4BC0-9F7C-A0CFE49538D9}.Debug|Any CPU.ActiveCfg = Debug|Any CPU
		{E55823E7-DC3E-4BC0-9F7C-A0CFE49538D9}.Debug|Any CPU.Build.0 = Debug|Any CPU
		{E55823E7-DC3E-4BC0-9F7C-A0CFE49538D9}.Debug|x64.ActiveCfg = Debug|Any CPU
		{E55823E7-DC3E-4BC0-9F7C-A0CFE49538D9}.Debug|x64.Build.0 = Debug|Any CPU
		{E55823E7-DC3E-4BC0-9F7C-A0CFE49538D9}.Debug|x86.ActiveCfg = Debug|Any CPU
		{E55823E7-DC3E-4BC0-9F7C-A0CFE49538D9}.Debug|x86.Build.0 = Debug|Any CPU
		{E55823E7-DC3E-4BC0-9F7C-A0CFE49538D9}.Release|Any CPU.ActiveCfg = Release|Any CPU
		{E55823E7-DC3E-4BC0-9F7C-A0CFE49538D9}.Release|Any CPU.Build.0 = Release|Any CPU
		{E55823E7-DC3E-4BC0-9F7C-A0CFE49538D9}.Release|x64.ActiveCfg = Release|Any CPU
		{E55823E7-DC3E-4BC0-9F7C-A0CFE49538D9}.Release|x64.Build.0 = Release|Any CPU
		{E55823E7-DC3E-4BC0-9F7C-A0CFE49538D9}.Release|x86.ActiveCfg = Release|Any CPU
		{E55823E7-DC3E-4BC0-9F7C-A0CFE49538D9}.Release|x86.Build.0 = Release|Any CPU
		{42A5ECCE-500D-4A49-BBE2-A7D0090673EF}.Debug|Any CPU.ActiveCfg = Debug|Any CPU
		{42A5ECCE-500D-4A49-BBE2-A7D0090673EF}.Debug|Any CPU.Build.0 = Debug|Any CPU
		{42A5ECCE-500D-4A49-BBE2-A7D0090673EF}.Debug|x64.ActiveCfg = Debug|Any CPU
		{42A5ECCE-500D-4A49-BBE2-A7D0090673EF}.Debug|x64.Build.0 = Debug|Any CPU
		{42A5ECCE-500D-4A49-BBE2-A7D0090673EF}.Debug|x86.ActiveCfg = Debug|Any CPU
		{42A5ECCE-500D-4A49-BBE2-A7D0090673EF}.Debug|x86.Build.0 = Debug|Any CPU
		{42A5ECCE-500D-4A49-BBE2-A7D0090673EF}.Release|Any CPU.ActiveCfg = Release|Any CPU
		{42A5ECCE-500D-4A49-BBE2-A7D0090673EF}.Release|Any CPU.Build.0 = Release|Any CPU
		{42A5ECCE-500D-4A49-BBE2-A7D0090673EF}.Release|x64.ActiveCfg = Release|Any CPU
		{42A5ECCE-500D-4A49-BBE2-A7D0090673EF}.Release|x64.Build.0 = Release|Any CPU
		{42A5ECCE-500D-4A49-BBE2-A7D0090673EF}.Release|x86.ActiveCfg = Release|Any CPU
		{42A5ECCE-500D-4A49-BBE2-A7D0090673EF}.Release|x86.Build.0 = Release|Any CPU
	EndGlobalSection
	GlobalSection(SolutionProperties) = preSolution
		HideSolutionNode = FALSE
	EndGlobalSection
	GlobalSection(ExtensibilityGlobals) = postSolution
		SolutionGuid = {A6DDDBE4-738F-4679-809B-D7786BD5E7E5}
	EndGlobalSection
EndGlobal
